
Microsoft Visual Studio Solution File, Format Version 12.00
# Visual Studio 15
Project("{FAE04EC0-301F-11D3-BF4B-00C04F79EFBC}") = "Infomgmt192 A3", "Assembly-CSharp-firstpass.csproj", "{D5119C38-3DE1-8BEC-0002-78C1FCA9D06D}"
EndProject
Project("{FAE04EC0-301F-11D3-BF4B-00C04F79EFBC}") = "Infomgmt192 A3", "Assembly-CSharp.csproj", "{9417F21F-AF69-CF42-B8EB-BACF4D626AAD}"
EndProject
Project("{FAE04EC0-301F-11D3-BF4B-00C04F79EFBC}") = "Infomgmt192 A3", "Assembly-CSharp-Editor-firstpass.csproj", "{3E40B179-FA7C-0113-C8B2-8351D0669C3C}"
EndProject
Global
	GlobalSection(SolutionConfigurationPlatforms) = preSolution
		Debug|Any CPU = Debug|Any CPU
		Release|Any CPU = Release|Any CPU
	EndGlobalSection
	GlobalSection(ProjectConfigurationPlatforms) = postSolution
		{D5119C38-3DE1-8BEC-0002-78C1FCA9D06D}.Debug|Any CPU.ActiveCfg = Debug|Any CPU
		{D5119C38-3DE1-8BEC-0002-78C1FCA9D06D}.Debug|Any CPU.Build.0 = Debug|Any CPU
		{D5119C38-3DE1-8BEC-0002-78C1FCA9D06D}.Release|Any CPU.ActiveCfg = Release|Any CPU
		{D5119C38-3DE1-8BEC-0002-78C1FCA9D06D}.Release|Any CPU.Build.0 = Release|Any CPU
		{9417F21F-AF69-CF42-B8EB-BACF4D626AAD}.Debug|Any CPU.ActiveCfg = Debug|Any CPU
		{9417F21F-AF69-CF42-B8EB-BACF4D626AAD}.Debug|Any CPU.Build.0 = Debug|Any CPU
		{9417F21F-AF69-CF42-B8EB-BACF4D626AAD}.Release|Any CPU.ActiveCfg = Release|Any CPU
		{9417F21F-AF69-CF42-B8EB-BACF4D626AAD}.Release|Any CPU.Build.0 = Release|Any CPU
		{3E40B179-FA7C-0113-C8B2-8351D0669C3C}.Debug|Any CPU.ActiveCfg = Debug|Any CPU
		{3E40B179-FA7C-0113-C8B2-8351D0669C3C}.Debug|Any CPU.Build.0 = Debug|Any CPU
		{3E40B179-FA7C-0113-C8B2-8351D0669C3C}.Release|Any CPU.ActiveCfg = Release|Any CPU
		{3E40B179-FA7C-0113-C8B2-8351D0669C3C}.Release|Any CPU.Build.0 = Release|Any CPU
	EndGlobalSection
	GlobalSection(SolutionProperties) = preSolution
		HideSolutionNode = FALSE
	EndGlobalSection
EndGlobal
